{
  "name": "line-shift-bot",
  "version": "0.1.0",
  "lockfileVersion": 3,
  "requires": true,
  "packages": {
    "": {
      "name": "line-shift-bot",
      "version": "0.1.0",
      "dependencies": {
        "@line/bot-sdk": "^11.0.2",
        "@upstash/redis": "^1.34.0"
      }
    },
    "node_modules/@line/bot-sdk": {
      "version": "11.0.2",
      "resolved": "https://registry.npmjs.org/@line/bot-sdk/-/bot-sdk-11.0.2.tgz",
      "integrity": "sha512-Y2PCEIlKw5ytu56HhrZt0Wfb8ZxBjrpKTlsmaZ4nWkbHKV2F0T7ZpwFfT7FqXryyqOrl8+RdvFYBBXE4B464SA==",
      "license": "Apache-2.0",
      "dependencies": {
        "@types/node": "^24.0.0"
      },
      "engines": {
        "node": ">=22"
      }
    },
    "node_modules/@types/node": {
      "version": "24.13.2",
      "resolved": "https://registry.npmjs.org/@types/node/-/node-24.13.2.tgz",
      "integrity": "sha512-fRa09kZTgu8o71KFcDjUFuc7F+dEbZYZmkI0mg5YBTRs0yMKjYHsq/c0urDKeDb+D5qVgXOdFcuu+DZPKOITwA==",
      "license": "MIT",
      "dependencies": {
        "undici-types": "~7.18.0"
      }
    },
    "node_modules/@upstash/redis": {
      "version": "1.38.0",
      "resolved": "https://registry.npmjs.org/@upstash/redis/-/redis-1.38.0.tgz",
      "integrity": "sha512-wu+dZBptlLy0+MCUEoHmzrY/TnmgDey3+c7EbIGwrLqAvkP8yi5MWZHYGIFtAygmL4Bkz2TdFu+eU0vFPncIcg==",
      "license": "MIT",
      "dependencies": {
        "uncrypto": "^0.1.3"
      }
    },
    "node_modules/uncrypto": {
      "version": "0.1.3",
      "resolved": "https://registry.npmjs.org/uncrypto/-/uncrypto-0.1.3.tgz",
      "integrity": "sha512-Ql87qFHB3s/De2ClA9e0gsnS6zXG27SkTiSJwjCc9MebbfapQfuPzumMIUMi38ezPZVNFcHI9sUIepeQfw8J8Q==",
      "license": "MIT"
    },
    "node_modules/undici-types": {
      "version": "7.18.2",
      "resolved": "https://registry.npmjs.org/undici-types/-/undici-types-7.18.2.tgz",
      "integrity": "sha512-AsuCzffGHJybSaRrmr5eHr81mwJU3kjw6M+uprWvCXiNeN9SOGwQ3Jn8jb8m3Z6izVgknn1R0FTCEAP2QrLY/w==",
      "license": "MIT"
    }
  }
}
